// !$*UTF8*$!
{
	archiveVersion = 1;
	classes = {
	};
	objectVersion = 56;
	objects = {

/* Begin PBXBuildFile section */
		BE0DCE4C2B9745A800249D2E /* AppDelegate.swift in Sources */ = {isa = PBXBuildFile; fileRef = BE0DCE4B2B9745A800249D2E /* AppDelegate.swift */; };
		BE0DCE4E2B9745A800249D2E /* SceneDelegate.swift in Sources */ = {isa = PBXBuildFile; fileRef = BE0DCE4D2B9745A800249D2E /* SceneDelegate.swift */; };
		BE0DCE502B9745A800249D2E /* CalculatorViewController.swift in Sources */ = {isa = PBXBuildFile; fileRef = BE0DCE4F2B9745A800249D2E /* CalculatorViewController.swift */; };
		BE0DCE552B9745AA00249D2E /* Assets.xcassets in Resources */ = {isa = PBXBuildFile; fileRef = BE0DCE542B9745AA00249D2E /* Assets.xcassets */; };
		BE0DCE582B9745AA00249D2E /* LaunchScreen.storyboard in Resources */ = {isa = PBXBuildFile; fileRef = BE0DCE562B9745AA00249D2E /* LaunchScreen.storyboard */; };
		BE0DCE622B97468700249D2E /* CalculatorView.swift in Sources */ = {isa = PBXBuildFile; fileRef = BE0DCE612B97468700249D2E /* CalculatorView.swift */; };
		BE0DCE652B9747C200249D2E /* Gilroy-Bold.ttf in Resources */ = {isa = PBXBuildFile; fileRef = BE0DCE632B9747C200249D2E /* Gilroy-Bold.ttf */; };
		BE0DCE662B9747C200249D2E /* Gilroy-Regular.ttf in Resources */ = {isa = PBXBuildFile; fileRef = BE0DCE642B9747C200249D2E /* Gilroy-Regular.ttf */; };
		BE0DCE6C2B975E6500249D2E /* ResultViewController.swift in Sources */ = {isa = PBXBuildFile; fileRef = BE0DCE6B2B975E6500249D2E /* ResultViewController.swift */; };
		BE0DCE6E2B975E8D00249D2E /* ResultView.swift in Sources */ = {isa = PBXBuildFile; fileRef = BE0DCE6D2B975E8D00249D2E /* ResultView.swift */; };
/* End PBXBuildFile section */

/* Begin PBXFileReference section */
		BE0DCE482B9745A800249D2E /* Tipsy.app */ = {isa = PBXFileReference; explicitFileType = wrapper.application; includeInIndex = 0; path = Tipsy.app; sourceTree = BUILT_PRODUCTS_DIR; };
		BE0DCE4B2B9745A800249D2E /* AppDelegate.swift */ = {isa = PBXFileReference; lastKnownFileType = sourcecode.swift; path = AppDelegate.swift; sourceTree = "<group>"; };
		BE0DCE4D2B9745A800249D2E /* SceneDelegate.swift */ = {isa = PBXFileReference; lastKnownFileType = sourcecode.swift; path = SceneDelegate.swift; sourceTree = "<group>"; };
		BE0DCE4F2B9745A800249D2E /* CalculatorViewController.swift */ = {isa = PBXFileReference; lastKnownFileType = sourcecode.swift; path = CalculatorViewController.swift; sourceTree = "<group>"; };
		BE0DCE542B9745AA00249D2E /* Assets.xcassets */ = {isa = PBXFileReference; lastKnownFileType = folder.assetcatalog; path = Assets.xcassets; sourceTree = "<group>"; };
		BE0DCE572B9745AA00249D2E /* Base */ = {isa = PBXFileReference; lastKnownFileType = file.storyboard; name = Base; path = Base.lproj/LaunchScreen.storyboard; sourceTree = "<group>"; };
		BE0DCE592B9745AA00249D2E /* Info.plist */ = {isa = PBXFileReference; lastKnownFileType = text.plist.xml; path = Info.plist; sourceTree = "<group>"; };
		BE0DCE612B97468700249D2E /* CalculatorView.swift */ = {isa = PBXFileReference; lastKnownFileType = sourcecode.swift; path = CalculatorView.swift; sourceTree = "<group>"; };
		BE0DCE632B9747C200249D2E /* Gilroy-Bold.ttf */ = {isa = PBXFileReference; lastKnownFileType = file; path = "Gilroy-Bold.ttf"; sourceTree = "<group>"; };
		BE0DCE642B9747C200249D2E /* Gilroy-Regular.ttf */ = {isa = PBXFileReference; lastKnownFileType = file; path = "Gilroy-Regular.ttf"; sourceTree = "<group>"; };
		BE0DCE6B2B975E6500249D2E /* ResultViewController.swift */ = {isa = PBXFileReference; lastKnownFileType = sourcecode.swift; path = ResultViewController.swift; sourceTree = "<group>"; };
		BE0DCE6D2B975E8D00249D2E /* ResultView.swift */ = {isa = PBXFileReference; lastKnownFileType = sourcecode.swift; path = ResultView.swift; sourceTree = "<group>"; };
/* End PBXFileReference section */

/* Begin PBXFrameworksBuildPhase section */
		BE0DCE452B9745A800249D2E /* Frameworks */ = {
			isa = PBXFrameworksBuildPhase;
			buildActionMask = 2147483647;
			files = (
			);
			runOnlyForDeploymentPostprocessing = 0;
		};
/* End PBXFrameworksBuildPhase section */

/* Begin PBXGroup section */
		BE0DCE3F2B9745A800249D2E = {
			isa = PBXGroup;
			children = (
				BE0DCE4A2B9745A800249D2E /* Tipsy */,
				BE0DCE492B9745A800249D2E /* Products */,
			);
			sourceTree = "<group>";
		};
		BE0DCE492B9745A800249D2E /* Products */ = {
			isa = PBXGroup;
			children = (
				BE0DCE482B9745A800249D2E /* Tipsy.app */,
			);
			name = Products;
			sourceTree = "<group>";
		};
		BE0DCE4A2B9745A800249D2E /* Tipsy */ = {
			isa = PBXGroup;
			children = (
				BE0DCE5F2B97460600249D2E /* Application */,
				BE0DCE6A2B975D7300249D2E /* Model */,
				BE0DCE682B97592700249D2E /* View */,
				BE0DCE692B975D5F00249D2E /* Controller */,
				BE0DCE672B9747F100249D2E /* Fonts */,
				BE0DCE602B97464D00249D2E /* Resources */,
			);
			path = Tipsy;
			sourceTree = "<group>";
		};
		BE0DCE5F2B97460600249D2E /* Application */ = {
			isa = PBXGroup;
			children = (
				BE0DCE4B2B9745A800249D2E /* AppDelegate.swift */,
				BE0DCE4D2B9745A800249D2E /* SceneDelegate.swift */,
			);
			path = Application;
			sourceTree = "<group>";
		};
		BE0DCE602B97464D00249D2E /* Resources */ = {
			isa = PBXGroup;
			children = (
				BE0DCE542B9745AA00249D2E /* Assets.xcassets */,
				BE0DCE562B9745AA00249D2E /* LaunchScreen.storyboard */,
				BE0DCE592B9745AA00249D2E /* Info.plist */,
			);
			path = Resources;
			sourceTree = "<group>";
		};
		BE0DCE672B9747F100249D2E /* Fonts */ = {
			isa = PBXGroup;
			children = (
				BE0DCE632B9747C200249D2E /* Gilroy-Bold.ttf */,
				BE0DCE642B9747C200249D2E /* Gilroy-Regular.ttf */,
			);
			path = Fonts;
			sourceTree = "<group>";
		};
		BE0DCE682B97592700249D2E /* View */ = {
			isa = PBXGroup;
			children = (
				BE0DCE612B97468700249D2E /* CalculatorView.swift */,
				BE0DCE6D2B975E8D00249D2E /* ResultView.swift */,
			);
			path = View;
			sourceTree = "<group>";
		};
		BE0DCE692B975D5F00249D2E /* Controller */ = {
			isa = PBXGroup;
			children = (
				BE0DCE4F2B9745A800249D2E /* CalculatorViewController.swift */,
				BE0DCE6B2B975E6500249D2E /* ResultViewController.swift */,
			);
			path = Controller;
			sourceTree = "<group>";
		};
		BE0DCE6A2B975D7300249D2E /* Model */ = {
			isa = PBXGroup;
			children = (
			);
			path = Model;
			sourceTree = "<group>";
		};
/* End PBXGroup section */

/* Begin PBXNativeTarget section */
		BE0DCE472B9745A800249D2E /* Tipsy */ = {
			isa = PBXNativeTarget;
			buildConfigurationList = BE0DCE5C2B9745AA00249D2E /* Build configuration list for PBXNativeTarget "Tipsy" */;
			buildPhases = (
				BE0DCE442B9745A800249D2E /* Sources */,
				BE0DCE452B9745A800249D2E /* Frameworks */,
				BE0DCE462B9745A800249D2E /* Resources */,
			);
			buildRules = (
			);
			dependencies = (
			);
			name = Tipsy;
			productName = Tipsy;
			productReference = BE0DCE482B9745A800249D2E /* Tipsy.app */;
			productType = "com.apple.product-type.application";
		};
/* End PBXNativeTarget section */

/* Begin PBXProject section */
		BE0DCE402B9745A800249D2E /* Project object */ = {
			isa = PBXProject;
			attributes = {
				BuildIndependentTargetsInParallel = 1;
				LastSwiftUpdateCheck = 1520;
				LastUpgradeCheck = 1520;
				TargetAttributes = {
					BE0DCE472B9745A800249D2E = {
						CreatedOnToolsVersion = 15.2;
					};
				};
			};
			buildConfigurationList = BE0DCE432B9745A800249D2E /* Build configuration list for PBXProject "Tipsy" */;
			compatibilityVersion = "Xcode 14.0";
			developmentRegion = en;
			hasScannedForEncodings = 0;
			knownRegions = (
				en,
				Base,
			);
			mainGroup = BE0DCE3F2B9745A800249D2E;
			productRefGroup = BE0DCE492B9745A800249D2E /* Products */;
			projectDirPath = "";
			projectRoot = "";
			targets = (
				BE0DCE472B9745A800249D2E /* Tipsy */,
			);
		};
/* End PBXProject section */

/* Begin PBXResourcesBuildPhase section */
		BE0DCE462B9745A800249D2E /* Resources */ = {
			isa = PBXResourcesBuildPhase;
			buildActionMask = 2147483647;
			files = (
				BE0DCE652B9747C200249D2E /* Gilroy-Bold.ttf in Resources */,
				BE0DCE582B9745AA00249D2E /* LaunchScreen.storyboard in Resources */,
				BE0DCE552B9745AA00249D2E /* Assets.xcassets in Resources */,
				BE0DCE662B9747C200249D2E /* Gilroy-Regular.ttf in Resources */,
			);
			runOnlyForDeploymentPostprocessing = 0;
		};
/* End PBXResourcesBuildPhase section */

/* Begin PBXSourcesBuildPhase section */
		BE0DCE442B9745A800249D2E /* Sources */ = {
			isa = PBXSourcesBuildPhase;
			buildActionMask = 2147483647;
			files = (
				BE0DCE6C2B975E6500249D2E /* ResultViewController.swift in Sources */,
				BE0DCE622B97468700249D2E /* CalculatorView.swift in Sources */,
				BE0DCE502B9745A800249D2E /* CalculatorViewController.swift in Sources */,
				BE0DCE4C2B9745A800249D2E /* AppDelegate.swift in Sources */,
				BE0DCE4E2B9745A800249D2E /* SceneDelegate.swift in Sources */,
				BE0DCE6E2B975E8D00249D2E /* ResultView.swift in Sources */,
			);
			runOnlyForDeploymentPostprocessing = 0;
		};
/* End PBXSourcesBuildPhase section */

/* Begin PBXVariantGroup section */
		BE0DCE562B9745AA00249D2E /* LaunchScreen.storyboard */ = {
			isa = PBXVariantGroup;
			children = (
				BE0DCE572B9745AA00249D2E /* Base */,
			);
			name = LaunchScreen.storyboard;
			sourceTree = "<group>";
		};
/* End PBXVariantGroup section */

/* Begin XCBuildConfiguration section */
		BE0DCE5A2B9745AA00249D2E /* Debug */ = {
			isa = XCBuildConfiguration;
			buildSettings = {
				ALWAYS_SEARCH_USER_PATHS = NO;
				ASSETCATALOG_COMPILER_GENERATE_SWIFT_ASSET_SYMBOL_EXTENSIONS = YES;
				CLANG_ANALYZER_NONNULL = YES;
				CLANG_ANALYZER_NUMBER_OBJECT_CONVERSION = YES_AGGRESSIVE;
				CLANG_CXX_LANGUAGE_STANDARD = "gnu++20";
				CLANG_ENABLE_MODULES = YES;
				CLANG_ENABLE_OBJC_ARC = YES;
				CLANG_ENABLE_OBJC_WEAK = YES;
				CLANG_WARN_BLOCK_CAPTURE_AUTORELEASING = YES;
				CLANG_WARN_BOOL_CONVERSION = YES;
				CLANG_WARN_COMMA = YES;
				CLANG_WARN_CONSTANT_CONVERSION = YES;
				CLANG_WARN_DEPRECATED_OBJC_IMPLEMENTATIONS = YES;
				CLANG_WARN_DIRECT_OBJC_ISA_USAGE = YES_ERROR;
				CLANG_WARN_DOCUMENTATION_COMMENTS = YES;
				CLANG_WARN_EMPTY_BODY = YES;
				CLANG_WARN_ENUM_CONVERSION = YES;
				CLANG_WARN_INFINITE_RECURSION = YES;
				CLANG_WARN_INT_CONVERSION = YES;
				CLANG_WARN_NON_LITERAL_NULL_CONVERSION = YES;
				CLANG_WARN_OBJC_IMPLICIT_RETAIN_SELF = YES;
				CLANG_WARN_OBJC_LITERAL_CONVERSION = YES;
				CLANG_WARN_OBJC_ROOT_CLASS = YES_ERROR;
				CLANG_WARN_QUOTED_INCLUDE_IN_FRAMEWORK_HEADER = YES;
				CLANG_WARN_RANGE_LOOP_ANALYSIS = YES;
				CLANG_WARN_STRICT_PROTOTYPES = YES;
				CLANG_WARN_SUSPICIOUS_MOVE = YES;
				CLANG_WARN_UNGUARDED_AVAILABILITY = YES_AGGRESSIVE;
				CLANG_WARN_UNREACHABLE_CODE = YES;
				CLANG_WARN__DUPLICATE_METHOD_MATCH = YES;
				COPY_PHASE_STRIP = NO;
				DEBUG_INFORMATION_FORMAT = dwarf;
				ENABLE_STRICT_OBJC_MSGSEND = YES;
				ENABLE_TESTABILITY = YES;
				ENABLE_USER_SCRIPT_SANDBOXING = YES;
				GCC_C_LANGUAGE_STANDARD = gnu17;
				GCC_DYNAMIC_NO_PIC = NO;
				GCC_NO_COMMON_BLOCKS = YES;
				GCC_OPTIMIZATION_LEVEL = 0;
				GCC_PREPROCESSOR_DEFINITIONS = (
					"DEBUG=1",
					"$(inherited)",
				);
				GCC_WARN_64_TO_32_BIT_CONVERSION = YES;
				GCC_WARN_ABOUT_RETURN_TYPE = YES_ERROR;
				GCC_WARN_UNDECLARED_SELECTOR = YES;
				GCC_WARN_UNINITIALIZED_AUTOS = YES_AGGRESSIVE;
				GCC_WARN_UNUSED_FUNCTION = YES;
				GCC_WARN_UNUSED_VARIABLE = YES;
				IPHONEOS_DEPLOYMENT_TARGET = 17.2;
				LOCALIZATION_PREFERS_STRING_CATALOGS = YES;
				MTL_ENABLE_DEBUG_INFO = INCLUDE_SOURCE;
				MTL_FAST_MATH = YES;
				ONLY_ACTIVE_ARCH = YES;
				SDKROOT = iphoneos;
				SWIFT_ACTIVE_COMPILATION_CONDITIONS = "DEBUG $(inherited)";
				SWIFT_OPTIMIZATION_LEVEL = "-Onone";
			};
			name = Debug;
		};
		BE0DCE5B2B9745AA00249D2E /* Release */ = {
			isa = XCBuildConfiguration;
			buildSettings = {
				ALWAYS_SEARCH_USER_PATHS = NO;
				ASSETCATALOG_COMPILER_GENERATE_SWIFT_ASSET_SYMBOL_EXTENSIONS = YES;
				CLANG_ANALYZER_NONNULL = YES;
				CLANG_ANALYZER_NUMBER_OBJECT_CONVERSION = YES_AGGRESSIVE;
				CLANG_CXX_LANGUAGE_STANDARD = "gnu++20";
				CLANG_ENABLE_MODULES = YES;
				CLANG_ENABLE_OBJC_ARC = YES;
				CLANG_ENABLE_OBJC_WEAK = YES;
				CLANG_WARN_BLOCK_CAPTURE_AUTORELEASING = YES;
				CLANG_WARN_BOOL_CONVERSION = YES;
				CLANG_WARN_COMMA = YES;
				CLANG_WARN_CONSTANT_CONVERSION = YES;
				CLANG_WARN_DEPRECATED_OBJC_IMPLEMENTATIONS = YES;
				CLANG_WARN_DIRECT_OBJC_ISA_USAGE = YES_ERROR;
				CLANG_WARN_DOCUMENTATION_COMMENTS = YES;
				CLANG_WARN_EMPTY_BODY = YES;
				CLANG_WARN_ENUM_CONVERSION = YES;
				CLANG_WARN_INFINITE_RECURSION = YES;
				CLANG_WARN_INT_CONVERSION = YES;
				CLANG_WARN_NON_LITERAL_NULL_CONVERSION = YES;
				CLANG_WARN_OBJC_IMPLICIT_RETAIN_SELF = YES;
				CLANG_WARN_OBJC_LITERAL_CONVERSION = YES;
				CLANG_WARN_OBJC_ROOT_CLASS = YES_ERROR;
				CLANG_WARN_QUOTED_INCLUDE_IN_FRAMEWORK_HEADER = YES;
				CLANG_WARN_RANGE_LOOP_ANALYSIS = YES;
				CLANG_WARN_STRICT_PROTOTYPES = YES;
				CLANG_WARN_SUSPICIOUS_MOVE = YES;
				CLANG_WARN_UNGUARDED_AVAILABILITY = YES_AGGRESSIVE;
				CLANG_WARN_UNREACHABLE_CODE = YES;
				CLANG_WARN__DUPLICATE_METHOD_MATCH = YES;
				COPY_PHASE_STRIP = NO;
				DEBUG_INFORMATION_FORMAT = "dwarf-with-dsym";
				ENABLE_NS_ASSERTIONS = NO;
				ENABLE_STRICT_OBJC_MSGSEND = YES;
				ENABLE_USER_SCRIPT_SANDBOXING = YES;
				GCC_C_LANGUAGE_STANDARD = gnu17;
				GCC_NO_COMMON_BLOCKS = YES;
				GCC_WARN_64_TO_32_BIT_CONVERSION = YES;
				GCC_WARN_ABOUT_RETURN_TYPE = YES_ERROR;
				GCC_WARN_UNDECLARED_SELECTOR = YES;
				GCC_WARN_UNINITIALIZED_AUTOS = YES_AGGRESSIVE;
				GCC_WARN_UNUSED_FUNCTION = YES;
				GCC_WARN_UNUSED_VARIABLE = YES;
				IPHONEOS_DEPLOYMENT_TARGET = 17.2;
				LOCALIZATION_PREFERS_STRING_CATALOGS = YES;
				MTL_ENABLE_DEBUG_INFO = NO;
				MTL_FAST_MATH = YES;
				SDKROOT = iphoneos;
				SWIFT_COMPILATION_MODE = wholemodule;
				VALIDATE_PRODUCT = YES;
			};
			name = Release;
		};
		BE0DCE5D2B9745AA00249D2E /* Debug */ = {
			isa = XCBuildConfiguration;
			buildSettings = {
				ASSETCATALOG_COMPILER_APPICON_NAME = AppIcon;
				ASSETCATALOG_COMPILER_GLOBAL_ACCENT_COLOR_NAME = AccentColor;
				CODE_SIGN_STYLE = Automatic;
				CURRENT_PROJECT_VERSION = 1;
				GENERATE_INFOPLIST_FILE = YES;
				INFOPLIST_FILE = Tipsy/Resources/Info.plist;
				INFOPLIST_KEY_UIApplicationSupportsIndirectInputEvents = YES;
				INFOPLIST_KEY_UILaunchStoryboardName = LaunchScreen;
				INFOPLIST_KEY_UISupportedInterfaceOrientations_iPad = "UIInterfaceOrientationPortrait UIInterfaceOrientationPortraitUpsideDown UIInterfaceOrientationLandscapeLeft UIInterfaceOrientationLandscapeRight";
				INFOPLIST_KEY_UISupportedInterfaceOrientations_iPhone = "UIInterfaceOrientationPortrait UIInterfaceOrientationLandscapeLeft UIInterfaceOrientationLandscapeRight";
				LD_RUNPATH_SEARCH_PATHS = (
					"$(inherited)",
					"@executable_path/Frameworks",
				);
				MARKETING_VERSION = 1.0;
				PRODUCT_BUNDLE_IDENTIFIER = IvanSemenov.Tipsy;
				PRODUCT_NAME = "$(TARGET_NAME)";
				SWIFT_EMIT_LOC_STRINGS = YES;
				SWIFT_VERSION = 5.0;
				TARGETED_DEVICE_FAMILY = "1,2";
			};
			name = Debug;
		};
		BE0DCE5E2B9745AA00249D2E /* Release */ = {
			isa = XCBuildConfiguration;
			buildSettings = {
				ASSETCATALOG_COMPILER_APPICON_NAME = AppIcon;
				ASSETCATALOG_COMPILER_GLOBAL_ACCENT_COLOR_NAME = AccentColor;
				CODE_SIGN_STYLE = Automatic;
				CURRENT_PROJECT_VERSION = 1;
				GENERATE_INFOPLIST_FILE = YES;
				INFOPLIST_FILE = Tipsy/Resources/Info.plist;
				INFOPLIST_KEY_UIApplicationSupportsIndirectInputEvents = YES;
				INFOPLIST_KEY_UILaunchStoryboardName = LaunchScreen;
				INFOPLIST_KEY_UISupportedInterfaceOrientations_iPad = "UIInterfaceOrientationPortrait UIInterfaceOrientationPortraitUpsideDown UIInterfaceOrientationLandscapeLeft UIInterfaceOrientationLandscapeRight";
				INFOPLIST_KEY_UISupportedInterfaceOrientations_iPhone = "UIInterfaceOrientationPortrait UIInterfaceOrientationLandscapeLeft UIInterfaceOrientationLandscapeRight";
				LD_RUNPATH_SEARCH_PATHS = (
					"$(inherited)",
					"@executable_path/Frameworks",
				);
				MARKETING_VERSION = 1.0;
				PRODUCT_BUNDLE_IDENTIFIER = IvanSemenov.Tipsy;
				PRODUCT_NAME = "$(TARGET_NAME)";
				SWIFT_EMIT_LOC_STRINGS = YES;
				SWIFT_VERSION = 5.0;
				TARGETED_DEVICE_FAMILY = "1,2";
			};
			name = Release;
		};
/* End XCBuildConfiguration section */

/* Begin XCConfigurationList section */
		BE0DCE432B9745A800249D2E /* Build configuration list for PBXProject "Tipsy" */ = {
			isa = XCConfigurationList;
			buildConfigurations = (
				BE0DCE5A2B9745AA00249D2E /* Debug */,
				BE0DCE5B2B9745AA00249D2E /* Release */,
			);
			defaultConfigurationIsVisible = 0;
			defaultConfigurationName = Release;
		};
		BE0DCE5C2B9745AA00249D2E /* Build configuration list for PBXNativeTarget "Tipsy" */ = {
			isa = XCConfigurationList;
			buildConfigurations = (
				BE0DCE5D2B9745AA00249D2E /* Debug */,
				BE0DCE5E2B9745AA00249D2E /* Release */,
			);
			defaultConfigurationIsVisible = 0;
			defaultConfigurationName = Release;
		};
/* End XCConfigurationList section */
	};
	rootObject = BE0DCE402B9745A800249D2E /* Project object */;
}
